{
  "version": 1,
  "dependencies": {
    ".NETFramework,Version=v4.8": {
      "Microsoft.Bcl.AsyncInterfaces": {
        "type": "Direct",
        "requested": "[8.0.0, )",
        "resolved": "8.0.0",
        "contentHash": "3WA9q9yVqJp222P3x1wYIGDAkpjAku0TMUaaQV22g6L67AI0LdOIrVS7Ht2vJfLHGSPVuqN94vIr15qn+HEkHw==",
        "dependencies": {
          "System.Threading.Tasks.Extensions": "4.5.4"
        }
      },
      "Microsoft.CrmSdk.CoreAssemblies": {
        "type": "Direct",
        "requested": "[9.0.2.52, )",
        "resolved": "9.0.2.52",
        "contentHash": "ZGykSTEinxOCERJ1j5mMJnXJ9x9LdSt0JW79bbSCXiRSfA01nEG2HcwWc9XN8f9mMamZ8jTtNM/xAfiPfu6V9Q==",
        "dependencies": {
          "System.Text.Json": "6.0.7"
        }
      },
      "Microsoft.NET.Test.Sdk": {
        "type": "Direct",
        "requested": "[17.9.0, )",
        "resolved": "17.9.0",
        "contentHash": "7GUNAUbJYn644jzwLm5BD3a2p9C1dmP8Hr6fDPDxgItQk9hBs1Svdxzz07KQ/UphMSmgza9AbijBJGmw5D658A==",
        "dependencies": {
          "Microsoft.CodeCoverage": "17.9.0"
        }
      },
      "MSTest.TestAdapter": {
        "type": "Direct",
        "requested": "[3.3.1, )",
        "resolved": "3.3.1",
        "contentHash": "ddSsUEQKibWamkosqbQmuhb1DpToI2LJb01yEPDA4MIhXJah4oBOARlLLI7bjWSkkRLDz/iPlx2Uac9qgmHlHg==",
        "dependencies": {
          "Microsoft.Testing.Extensions.VSTestBridge": "1.1.0",
          "Microsoft.Testing.Platform.MSBuild": "1.1.0"
        }
      },
      "MSTest.TestFramework": {
        "type": "Direct",
        "requested": "[3.3.1, )",
        "resolved": "3.3.1",
        "contentHash": "020SuA2p8N7o+/AHC0SLgzGpyS1hNjR8m5tWxnuGqJ3HeJhArUbuPAU8RZr8Ll38ij8oiutGCkQ/G+ymyO51Ow=="
      },
      "System.Buffers": {
        "type": "Direct",
        "requested": "[4.5.1, )",
        "resolved": "4.5.1",
        "contentHash": "Rw7ijyl1qqRS0YQD/WycNst8hUUMgrMH4FCn1nNm27M4VxchZ1js3fVjQaANHO5f3sN4isvP4a+Met9Y4YomAg=="
      },
      "System.DirectoryServices": {
        "type": "Direct",
        "requested": "[8.0.0, )",
        "resolved": "8.0.0",
        "contentHash": "7nit//efUTy1OsAKco2f02PMrwsR2S234N0dVVp84udC77YcvpOQDz5znAWMtgMWBzY1aRJvUW61jo/7vQRfXg==",
        "dependencies": {
          "System.IO.FileSystem.AccessControl": "5.0.0",
          "System.Security.AccessControl": "6.0.0",
          "System.Security.Principal.Windows": "5.0.0"
        }
      },
      "System.DirectoryServices.AccountManagement": {
        "type": "Direct",
        "requested": "[8.0.0, )",
        "resolved": "8.0.0",
        "contentHash": "dCT8BYeeisx0IzAf6x+FSVWK3gz2fKI9pgLV16c7dY/lckw4aodNrgXqsFqyqJN5Kfxc3oklG+SCMYkRfg1V7A==",
        "dependencies": {
          "System.Security.Principal.Windows": "5.0.0"
        }
      },
      "System.Memory": {
        "type": "Direct",
        "requested": "[4.5.5, )",
        "resolved": "4.5.5",
        "contentHash": "XIWiDvKPXaTveaB7HVganDlOCRoj03l+jrwNvcge/t8vhGYKvqV+dMv6G4SAX2NoNmN0wZfVPTAlFwZcZvVOUw==",
        "dependencies": {
          "System.Buffers": "4.5.1",
          "System.Numerics.Vectors": "4.5.0",
          "System.Runtime.CompilerServices.Unsafe": "4.5.3"
        }
      },
      "System.Numerics.Vectors": {
        "type": "Direct",
        "requested": "[4.5.0, )",
        "resolved": "4.5.0",
        "contentHash": "QQTlPTl06J/iiDbJCiepZ4H//BVraReU4O4EoRw1U02H5TLUIT7xn3GnDp9AXPSlJUDyFs4uWjWafNX6WrAojQ=="
      },
      "System.Runtime.CompilerServices.Unsafe": {
        "type": "Direct",
        "requested": "[6.0.0, )",
        "resolved": "6.0.0",
        "contentHash": "/iUeP3tq1S0XdNNoMz5C9twLSrM/TH+qElHkXWaPvuNOt+99G75NrV0OS2EqHx5wMN7popYjpc8oTjC1y16DLg=="
      },
      "System.Text.Encodings.Web": {
        "type": "Direct",
        "requested": "[8.0.0, )",
        "resolved": "8.0.0",
        "contentHash": "yev/k9GHAEGx2Rg3/tU6MQh4HGBXJs70y7j1LaM1i/ER9po+6nnQ6RRqTJn1E7Xu0fbIFK80Nh5EoODxrbxwBQ==",
        "dependencies": {
          "System.Buffers": "4.5.1",
          "System.Memory": "4.5.5",
          "System.Runtime.CompilerServices.Unsafe": "6.0.0"
        }
      },
      "System.Text.Json": {
        "type": "Direct",
        "requested": "[8.0.3, )",
        "resolved": "8.0.3",
        "contentHash": "hpagS9joOwv6efWfrMmV9MjQXpiXZH72PgN067Ysfr6AWMSD1/1hEcvh/U5mUpPLezEWsOJSuVrmqDIVD958iA==",
        "dependencies": {
          "Microsoft.Bcl.AsyncInterfaces": "8.0.0",
          "System.Buffers": "4.5.1",
          "System.Memory": "4.5.5",
          "System.Runtime.CompilerServices.Unsafe": "6.0.0",
          "System.Text.Encodings.Web": "8.0.0",
          "System.Threading.Tasks.Extensions": "4.5.4",
          "System.ValueTuple": "4.5.0"
        }
      },
      "System.Threading.Tasks.Extensions": {
        "type": "Direct",
        "requested": "[4.5.4, )",
        "resolved": "4.5.4",
        "contentHash": "zteT+G8xuGu6mS+mzDzYXbzS7rd3K6Fjb9RiZlYlJPam2/hU7JCBZBVEcywNuR+oZ1ncTvc/cq0faRr3P01OVg==",
        "dependencies": {
          "System.Runtime.CompilerServices.Unsafe": "4.5.3"
        }
      },
      "System.ValueTuple": {
        "type": "Direct",
        "requested": "[4.5.0, )",
        "resolved": "4.5.0",
        "contentHash": "okurQJO6NRE/apDIP23ajJ0hpiNmJ+f0BwOlB/cSqTLQlw5upkf+5+96+iG2Jw40G1fCVCyPz/FhIABUjMR+RQ=="
      },
      "DockPanelSuite": {
        "type": "Transitive",
        "resolved": "3.1.0",
        "contentHash": "E7Kb6lnqMZI51afVZKszbxltvOc+op+QlTh5jSHMsEaTeC7MfXxBuKXm+0s/WGC9wwJsp+VLxQyIAMBTEnJtPA=="
      },
      "DockPanelSuite.ThemeVS2015": {
        "type": "Transitive",
        "resolved": "3.1.0",
        "contentHash": "5ggQiQNrgBz4+FmluEhLfqdd/B7PrWLeqAT+Orl8Ri0+q8V1S9noaHWl8gkcPSZDuCxrqt98ezO36Oa5ptbtDg==",
        "dependencies": {
          "DockPanelSuite": "3.1.0"
        }
      },
      "jacobslusser.ScintillaNET": {
        "type": "Transitive",
        "resolved": "3.6.3",
        "contentHash": "lERpP3K4x1ge5sW5eG+Yhv9sEFF4MDiHd/nuXTu/xSgPGODQo7K8hCEivqulrFypzFPZ+TsLDZoqucmi5blbdg=="
      },
      "JetBrains.Annotations": {
        "type": "Transitive",
        "resolved": "2023.3.0",
        "contentHash": "PHfnvdBUdGaTVG9bR/GEfxgTwWM0Z97Y6X3710wiljELBISipSfF5okn/vz+C2gfO+ihoEyVPjaJwn8ZalVukA=="
      },
      "Microsoft.ApplicationInsights": {
        "type": "Transitive",
        "resolved": "2.22.0",
        "contentHash": "3AOM9bZtku7RQwHyMEY3tQMrHIgjcfRDa6YQpd/QG2LDGvMydSlL9Di+8LLMt7J2RDdfJ7/2jdYv6yHcMJAnNw==",
        "dependencies": {
          "System.Diagnostics.DiagnosticSource": "5.0.0"
        }
      },
      "Microsoft.CodeCoverage": {
        "type": "Transitive",
        "resolved": "17.9.0",
        "contentHash": "RGD37ZSrratfScYXm7M0HjvxMxZyWZL4jm+XgMZbkIY1UPgjUpbNA/t+WTGj/rC/0Hm9A3IrH3ywbKZkOCnoZA=="
      },
      "Microsoft.CrmSdk.Deployment": {
        "type": "Transitive",
        "resolved": "9.0.2.25",
        "contentHash": "+Biky+R1Ohw9wtJsEdwHgzRDHw0vkDb9LZw97mdLmtyIlSiHFeHnYcegZoHv7nEM45ZXcUiB+wmmYavyRjfZ+Q==",
        "dependencies": {
          "Microsoft.CrmSdk.CoreAssemblies": "9.0.2"
        }
      },
      "Microsoft.CrmSdk.Workflow": {
        "type": "Transitive",
        "resolved": "9.0.2.42",
        "contentHash": "J/5yOLSOP7o+H3gl5i601m74+ug9KZnT8T/aNk0bcfXuxzSSQ/O1ZDfwzDqZVu0jXwVp8DJA7X7mtP6ZMZB6nA==",
        "dependencies": {
          "Microsoft.CrmSdk.CoreAssemblies": "9.0.2.42"
        }
      },
      "Microsoft.CrmSdk.XrmTooling.CoreAssembly": {
        "type": "Transitive",
        "resolved": "9.1.1.32",
        "contentHash": "DEkc0yFNjJD0GZ8QgCNCddW/WotcFNcqEs/uWefLloEM3xpE64YogFzXaapVOpCl2MaR5+o0EBo+2rxCEIXdpw==",
        "dependencies": {
          "Microsoft.CrmSdk.CoreAssemblies": "9.0.2.45",
          "Microsoft.CrmSdk.Deployment": "9.0.2.25",
          "Microsoft.CrmSdk.Workflow": "9.0.2.42",
          "Microsoft.IdentityModel.Clients.ActiveDirectory": "3.19.8",
          "Microsoft.Rest.ClientRuntime": "2.3.20",
          "Newtonsoft.Json": "13.0.1"
        }
      },
      "Microsoft.CrmSdk.XrmTooling.WpfControls": {
        "type": "Transitive",
        "resolved": "9.1.1.45",
        "contentHash": "AAGDRlb3YsZk/dRL8LcXX62FeJplk2amIl/jSh7TVlSdVKCDSnp3ySd0qLUnhSdLkcS7XsSO7WpcnKIzhoEFqg==",
        "dependencies": {
          "Microsoft.CrmSdk.XrmTooling.CoreAssembly": "9.1.1"
        }
      },
      "Microsoft.CSharp": {
        "type": "Transitive",
        "resolved": "4.7.0",
        "contentHash": "pTj+D3uJWyN3My70i2Hqo+OXixq3Os2D1nJ2x92FFo6sk8fYS1m1WLNTs0Dc1uPaViH0YvEEwvzddQ7y4rhXmA=="
      },
      "Microsoft.IdentityModel.Clients.ActiveDirectory": {
        "type": "Transitive",
        "resolved": "5.2.9",
        "contentHash": "WhBAG/9hWiMHIXve4ZgwXP3spRwf7kFFfejf76QA5BvumgnPp8iDkDCiJugzAcpW1YaHB526z1UVxHhVT1E5qw==",
        "dependencies": {
          "System.Net.Http": "4.3.4",
          "System.Private.Uri": "4.3.2"
        }
      },
      "Microsoft.NETCore.Platforms": {
        "type": "Transitive",
        "resolved": "8.0.0-preview.7.23375.6",
        "contentHash": "ym5B/aglUc4K5kkiBOOgsm7EETjenJBbMchAHvcXpfFPmrdTrhnLKC1Tvx5Qnz5kHvhloyCNTpGQvWIpxvINHg=="
      },
      "Microsoft.NETCore.Targets": {
        "type": "Transitive",
        "resolved": "6.0.0-preview.4.21253.7",
        "contentHash": "ipvxo/6FRdrmcsAtCGI9QPeaZZSyeCk9LiSVIJ4AN36IZQG7KFtk9ZbbYgvy4wzCzHkbBmTWaf2ESBqrYEtCRg=="
      },
      "Microsoft.PowerFx.Core": {
        "type": "Transitive",
        "resolved": "1.2.0",
        "contentHash": "M9DY6FqWUXUPgjbbHsB3vt7+b4QPFaoKBZ7ixSU7cPgHKzo/aNohzYWxYasXwTV6pamv5gX9AqLuF13RimMPdg==",
        "dependencies": {
          "Microsoft.Bcl.AsyncInterfaces": "6.0.0",
          "Microsoft.PowerFx.Transport.Attributes": "1.2.0",
          "System.Collections.Immutable": "6.0.0"
        }
      },
      "Microsoft.PowerFx.Interpreter": {
        "type": "Transitive",
        "resolved": "1.2.0",
        "contentHash": "IIUrhr7Tg4WJYu987SHnPkOgNqNYigRnPaVLds3tzMRQljxWWwJppUTitdmtmitY+JjQXJH+x9u7dH+ZPBKp1g==",
        "dependencies": {
          "Microsoft.Bcl.AsyncInterfaces": "6.0.0",
          "Microsoft.PowerFx.Core": "1.2.0",
          "System.Collections.Immutable": "6.0.0"
        }
      },
      "Microsoft.PowerFx.Transport.Attributes": {
        "type": "Transitive",
        "resolved": "1.2.0",
        "contentHash": "zlvi59W/4MdDJeR2rIL8k633V+FIHtxbhyaurNBZevksNWCZ49AV0bUhpB6cUjD/vwci8ZXXWziw0yYnjXIzNg=="
      },
      "Microsoft.Rest.ClientRuntime": {
        "type": "Transitive",
        "resolved": "2.3.24",
        "contentHash": "hZH7XgM3eV2jFrnq7Yf0nBD4WVXQzDrer2gEY7HMNiwio2hwDsTHO6LWuueNQAfRpNp4W7mKxcXpwXUiuVIlYw==",
        "dependencies": {
          "Newtonsoft.Json": "10.0.3"
        }
      },
      "Microsoft.Testing.Extensions.Telemetry": {
        "type": "Transitive",
        "resolved": "1.1.0",
        "contentHash": "K9xjzIlNxUHHvVCYoQYjk3ojnNgS9Jhb9nHSuEAMl5QGhziNdHztGM3fzRQ72KRIA9MyeU75fCex8YZlsRkF1g==",
        "dependencies": {
          "Microsoft.ApplicationInsights": "2.22.0",
          "Microsoft.Testing.Platform": "1.1.0"
        }
      },
      "Microsoft.Testing.Extensions.TrxReport.Abstractions": {
        "type": "Transitive",
        "resolved": "1.1.0",
        "contentHash": "mspVaUbMAmsMg6IQaGJkypeCCYmUYYQkxFSRbSGdsTlzu9dpsH6spavSL6DUtkR7qd07ulYDlPCJ/yBU6TYdug==",
        "dependencies": {
          "Microsoft.Testing.Platform": "1.1.0"
        }
      },
      "Microsoft.Testing.Extensions.VSTestBridge": {
        "type": "Transitive",
        "resolved": "1.1.0",
        "contentHash": "6IcxNS8lARWd/7K/dDC0IAXRnUpQ9kC0Cb+Eu8biZG40pVDZoDEyn4QIuicJvPSCT1C72AtSUqKzZASO7i4gPg==",
        "dependencies": {
          "Microsoft.TestPlatform.ObjectModel": "17.5.0",
          "Microsoft.Testing.Extensions.Telemetry": "1.1.0",
          "Microsoft.Testing.Extensions.TrxReport.Abstractions": "1.1.0",
          "Microsoft.Testing.Platform": "1.1.0"
        }
      },
      "Microsoft.Testing.Platform": {
        "type": "Transitive",
        "resolved": "1.1.0",
        "contentHash": "on8S7PvvR9Ai5gL/DKN5KrE8e4ctsUIMEzCGY916D+8xj5W/ho0ru9OJiNk7vWFbQrGwpLs87xE7Q8RPLSO/og=="
      },
      "Microsoft.Testing.Platform.MSBuild": {
        "type": "Transitive",
        "resolved": "1.1.0",
        "contentHash": "n2F3OP27qPCSBDfi25DfIeuq3UtzB/BUlXJBCqu1HQc8n7ak5gfzWlkJwlOIk2PAltocdJWQHMfeVYfcLkZ41g==",
        "dependencies": {
          "Microsoft.Testing.Platform": "1.1.0"
        }
      },
      "Microsoft.TestPlatform.ObjectModel": {
        "type": "Transitive",
        "resolved": "17.5.0",
        "contentHash": "QwiBJcC/oEA1kojOaB0uPWOIo4i6BYuTBBYJVhUvmXkyYqZ2Ut/VZfgi+enf8LF8J4sjO98oRRFt39MiRorcIw==",
        "dependencies": {
          "NuGet.Frameworks": "5.11.0",
          "System.Reflection.Metadata": "1.6.0"
        }
      },
      "Microsoft.Web.WebView2": {
        "type": "Transitive",
        "resolved": "1.0.1343.22",
        "contentHash": "bTMvDqqk4QJhfdJT64jMX/LnXzrJm5Q7J8alJ5mZ+ffZfCn6zFEwP9nh34k6ug8ZOQeMEpV7ggt7GMXAIkrWdQ=="
      },
      "MscrmTools.Xrm.Connection": {
        "type": "Transitive",
        "resolved": "1.2023.6.56",
        "contentHash": "v5guVkbA0PX9WNpgza1itcqK1yoeVo04hkpZINYgRRwziHo166RcWBsixWw98QSHKohIp1/apE2MmoQ+AXt+WQ==",
        "dependencies": {
          "Microsoft.CrmSdk.XrmTooling.CoreAssembly": "9.1.1.32",
          "Microsoft.CrmSdk.XrmTooling.WpfControls": "9.1.1.32",
          "Microsoft.IdentityModel.Clients.ActiveDirectory": "5.2.9"
        }
      },
      "Newtonsoft.Json": {
        "type": "Transitive",
        "resolved": "13.0.1",
        "contentHash": "ppPFpBcvxdsfUonNcvITKqLl3bqxWbDCZIzDWHzjpdAHRFfZe0Dw9HmA0+za13IdyrgJwpkDTDA9fHaxOrt20A=="
      },
      "NuGet.Common": {
        "type": "Transitive",
        "resolved": "5.9.1",
        "contentHash": "BRX0V8k8QXcEWL33V2HcBU1+eu/Qp5LDJlheYFSZ03hKjlHVHFfLquvUUYLgSNO7tiBxCFe7pTSgO4XanyzteQ==",
        "dependencies": {
          "NuGet.Frameworks": "5.9.1"
        }
      },
      "NuGet.Configuration": {
        "type": "Transitive",
        "resolved": "5.9.1",
        "contentHash": "dpjLDYEuhR1J8L3s9c1qVHEBaWqFI2/x3qRmhqVYDLB5B9ETVe1jVkxLkFQreQVgh+N5cVgtZWx1jGuArj7QaQ==",
        "dependencies": {
          "NuGet.Common": "5.9.1"
        }
      },
      "NuGet.Frameworks": {
        "type": "Transitive",
        "resolved": "5.11.0",
        "contentHash": "eaiXkUjC4NPcquGWzAGMXjuxvLwc6XGKMptSyOGQeT0X70BUZObuybJFZLA0OfTdueLd3US23NBPTBb6iF3V1Q=="
      },
      "NuGet.Packaging": {
        "type": "Transitive",
        "resolved": "5.9.1",
        "contentHash": "deaGBf7KGllJxXZ0u2gQkoQuvMhbJhntUwJZcmlA5fZdAhw6SsDgaRG0bW4x4dX4K09Bxqhh8pfow/0AP0ke7Q==",
        "dependencies": {
          "Newtonsoft.Json": "9.0.1",
          "NuGet.Configuration": "5.9.1",
          "NuGet.Versioning": "5.9.1"
        }
      },
      "NuGet.Protocol": {
        "type": "Transitive",
        "resolved": "5.9.1",
        "contentHash": "0FeZZ5Qd6I2Qfr5qtNk0YUQwisttMHvCgE1MfC9viib7zuSZmTfUskl34d9w5mUZLAKl764AXxCNklgQHL0NzA==",
        "dependencies": {
          "NuGet.Packaging": "5.9.1"
        }
      },
      "NuGet.Versioning": {
        "type": "Transitive",
        "resolved": "5.9.1",
        "contentHash": "I/2Z/dAcV6tz8Bri9lYbcMoq6R9J1J8Vv23gDCAnWjwrIdwunhmnWgiZx/b7cmlEXaD1r0kxen18fXYoyqs4rg=="
      },
      "System.Collections.Immutable": {
        "type": "Transitive",
        "resolved": "6.0.0",
        "contentHash": "l4zZJ1WU2hqpQQHXz1rvC3etVZN+2DLmQMO79FhOTZHMn8tDRr+WU287sbomD0BETlmKDn0ygUgVy9k5xkkJdA==",
        "dependencies": {
          "System.Memory": "4.5.4",
          "System.Runtime.CompilerServices.Unsafe": "6.0.0"
        }
      },
      "System.ComponentModel.Composition": {
        "type": "Transitive",
        "resolved": "8.0.0",
        "contentHash": "bGhUX5BTivJ9Wax0qnJy7uGq7dn/TQkEpJ2Fpu1etg8dbPwyDkUzNPc1d3I2/jUr9y4wDI3a1dkSmi8X21Pzbw=="
      },
      "System.Data.DataSetExtensions": {
        "type": "Transitive",
        "resolved": "4.5.0",
        "contentHash": "221clPs1445HkTBZPL+K9sDBdJRB8UN8rgjO3ztB0CQ26z//fmJXtlsr6whGatscsKGBrhJl5bwJuKSA8mwFOw=="
      },
      "System.Diagnostics.DiagnosticSource": {
        "type": "Transitive",
        "resolved": "5.0.0",
        "contentHash": "tCQTzPsGZh/A9LhhA6zrqCRV4hOHsK90/G7q3Khxmn6tnB1PuNU0cRaKANP2AWcF9bn0zsuOoZOSrHuJk6oNBA==",
        "dependencies": {
          "System.Memory": "4.5.4",
          "System.Runtime.CompilerServices.Unsafe": "5.0.0"
        }
      },
      "System.IO": {
        "type": "Transitive",
        "resolved": "4.3.0",
        "contentHash": "3qjaHvxQPDpSOYICjUoTsmoq5u6QJAFRUITgeT/4gqkF1bajbSmb1kwSxEA8AHlofqgcKJcM8udgieRNhaJ5Cg=="
      },
      "System.IO.FileSystem.AccessControl": {
        "type": "Transitive",
        "resolved": "5.0.0",
        "contentHash": "SxHB3nuNrpptVk+vZ/F+7OHEpoHUIKKMl02bUmYHQr1r+glbZQxs7pRtsf4ENO29TVm2TH3AEeep2fJcy92oYw==",
        "dependencies": {
          "System.Security.AccessControl": "5.0.0",
          "System.Security.Principal.Windows": "5.0.0"
        }
      },
      "System.Net.Http": {
        "type": "Transitive",
        "resolved": "4.3.4",
        "contentHash": "aOa2d51SEbmM+H+Csw7yJOuNZoHkrP2XnAurye5HWYgGVVU54YZDvsLUYRv6h18X3sPnjNCANmN7ZhIPiqMcjA==",
        "dependencies": {
          "System.Security.Cryptography.X509Certificates": "4.3.0"
        }
      },
      "System.Private.Uri": {
        "type": "Transitive",
        "resolved": "4.3.2",
        "contentHash": "o1+7RJnu3Ik3PazR7Z7tJhjPdE000Eq2KGLLWhqJJKXj04wrS8lwb1OFtDF9jzXXADhUuZNJZlPc98uwwqmpFA==",
        "dependencies": {
          "Microsoft.NETCore.Platforms": "1.1.1",
          "Microsoft.NETCore.Targets": "1.1.3"
        }
      },
      "System.Reflection.Metadata": {
        "type": "Transitive",
        "resolved": "1.6.0",
        "contentHash": "COC1aiAJjCoA5GBF+QKL2uLqEBew4JsCkQmoHKbN3TlOZKa2fKLz5CpiRQKDz0RsAOEGsVKqOD5bomsXq/4STQ==",
        "dependencies": {
          "System.Collections.Immutable": "1.5.0"
        }
      },
      "System.Resources.Extensions": {
        "type": "Transitive",
        "resolved": "8.0.0",
        "contentHash": "psnQ6GRQOvt+evda5C4nD5EuV49mz2Tv0DD2JDVDEbE/TKoMukxSkGJcsBJ0pajpPuFRr67syFYlkJ4Wj6A5Zw==",
        "dependencies": {
          "System.Memory": "4.5.5"
        }
      },
      "System.Runtime": {
        "type": "Transitive",
        "resolved": "4.3.0",
        "contentHash": "JufQi0vPQ0xGnAczR13AUFglDyVYt4Kqnz1AZaiKZ5+GICq0/1MH/mO/eAJHt/mHW1zjKBJd7kV26SrxddAhiw=="
      },
      "System.Security.AccessControl": {
        "type": "Transitive",
        "resolved": "6.0.0",
        "contentHash": "AUADIc0LIEQe7MzC+I0cl0rAT8RrTAKFHl53yHjEUzNVIaUlhFY11vc2ebiVJzVBuOzun6F7FBA+8KAbGTTedQ==",
        "dependencies": {
          "System.Security.Principal.Windows": "5.0.0"
        }
      },
      "System.Security.Cryptography.Algorithms": {
        "type": "Transitive",
        "resolved": "4.3.0",
        "contentHash": "W1kd2Y8mYSCgc3ULTAZ0hOP2dSdG5YauTb1089T0/kRcN2MpSAW1izOFROrJgxSlMn3ArsgHXagigyi+ibhevg==",
        "dependencies": {
          "System.IO": "4.3.0",
          "System.Runtime": "4.3.0",
          "System.Security.Cryptography.Encoding": "4.3.0",
          "System.Security.Cryptography.Primitives": "4.3.0"
        }
      },
      "System.Security.Cryptography.Encoding": {
        "type": "Transitive",
        "resolved": "4.3.0",
        "contentHash": "1DEWjZZly9ae9C79vFwqaO5kaOlI5q+3/55ohmq/7dpDyDfc8lYe7YVxJUZ5MF/NtbkRjwFRo14yM4OEo9EmDw=="
      },
      "System.Security.Cryptography.Primitives": {
        "type": "Transitive",
        "resolved": "4.3.0",
        "contentHash": "7bDIyVFNL/xKeFHjhobUAQqSpJq9YTOpbEs6mR233Et01STBMXNAc/V+BM6dwYGc95gVh/Zf+iVXWzj3mE8DWg=="
      },
      "System.Security.Cryptography.X509Certificates": {
        "type": "Transitive",
        "resolved": "4.3.0",
        "contentHash": "t2Tmu6Y2NtJ2um0RtcuhP7ZdNNxXEgUm2JeoA/0NvlMjAhKCnM1NX07TDl3244mVp3QU6LPEhT3HTtH1uF7IYw==",
        "dependencies": {
          "System.Security.Cryptography.Algorithms": "4.3.0",
          "System.Security.Cryptography.Encoding": "4.3.0"
        }
      },
      "System.Security.Principal.Windows": {
        "type": "Transitive",
        "resolved": "5.0.0",
        "contentHash": "t0MGLukB5WAVU9bO3MGzvlGnyJPgUlcwerXn1kzBRjwLKixT96XV0Uza41W49gVd8zEMFu9vQEFlv0IOrytICA=="
      },
      "XrmToolBoxPackage": {
        "type": "Transitive",
        "resolved": "1.2023.10.67",
        "contentHash": "8GRUEPwMp4STMBBNK1AuWuWKiYtwhk13eEuX7aPkaCXmwVTXNc5UAv57KSE5D0FemshI0iD9adYYKClW0wL1gQ==",
        "dependencies": {
          "DockPanelSuite": "3.0.6",
          "DockPanelSuite.ThemeVS2015": "3.0.6",
          "Microsoft.CrmSdk.CoreAssemblies": "9.0.2.49",
          "Microsoft.Web.WebView2": "1.0.1343.22",
          "MscrmTools.Xrm.Connection": "1.2023.6.56",
          "Newtonsoft.Json": "13.0.1",
          "NuGet.Packaging": "5.9.1",
          "NuGet.Protocol": "5.9.1",
          "jacobslusser.ScintillaNET": "3.6.3"
        }
      },
      "Rappen.XTB.FXB": {
        "type": "Project",
        "dependencies": {
          "DockPanelSuite.ThemeVS2015": "[3.1.0, )",
          "JetBrains.Annotations": "[2023.3.0, )",
          "Microsoft.Bcl.AsyncInterfaces": "[8.0.0, )",
          "Microsoft.CSharp": "[4.7.0, )",
          "Microsoft.CrmSdk.XrmTooling.WpfControls": "[9.1.1.45, )",
          "Microsoft.NETCore.Platforms": "[8.0.0-preview.7.23375.6, )",
          "Microsoft.NETCore.Targets": "[6.0.0-preview.4.21253.7, )",
          "Microsoft.PowerFx.Core": "[1.2.0, )",
          "Microsoft.PowerFx.Interpreter": "[1.2.0, )",
          "Microsoft.Rest.ClientRuntime": "[2.3.24, )",
          "MscrmTools.Xrm.Connection": "[1.2023.6.56, )",
          "System.ComponentModel.Composition": "[8.0.0, )",
          "System.Data.DataSetExtensions": "[4.5.0, )",
          "System.Private.Uri": "[4.3.2, )",
          "System.Resources.Extensions": "[8.0.0, )",
          "XrmToolBoxPackage": "[1.2023.10.67, )",
          "jacobslusser.ScintillaNET": "[3.6.3, )"
        }
      }
    }
  }
}